
Microsoft Visual Studio Solution File, Format Version 12.00
# Visual Studio Version 16
VisualStudioVersion = 16.0.30225.117
MinimumVisualStudioVersion = 10.0.40219.1
Project("{FAE04EC0-301F-11D3-BF4B-00C04F79EFBC}") = "student", "student\student.csproj", "{D3562586-6115-411C-A8E8-3B019E1A7743}"
EndProject
Global
	GlobalSection(SolutionConfigurationPlatforms) = preSolution
		Debug|Any CPU = Debug|Any CPU
		Release|Any CPU = Release|Any CPU
	EndGlobalSection
	GlobalSection(ProjectConfigurationPlatforms) = postSolution
		{D3562586-6115-411C-A8E8-3B019E1A7743}.Debug|Any CPU.ActiveCfg = Debug|Any CPU
		{D3562586-6115-411C-A8E8-3B019E1A7743}.Debug|Any CPU.Build.0 = Debug|Any CPU
		{D3562586-6115-411C-A8E8-3B019E1A7743}.Release|Any CPU.ActiveCfg = Release|Any CPU
		{D3562586-6115-411C-A8E8-3B019E1A7743}.Release|Any CPU.Build.0 = Release|Any CPU
	EndGlobalSection
	GlobalSection(SolutionProperties) = preSolution
		HideSolutionNode = FALSE
	EndGlobalSection
	GlobalSection(ExtensibilityGlobals) = postSolution
		SolutionGuid = {0440FFE5-9F59-4CF5-9D9B-B9121CF2DDED}
	EndGlobalSection
EndGlobal
